# This file was autogenerated by Stack.
# You should not edit this file by hand.
# For more information, please see the documentation at:
#   https://docs.haskellstack.org/en/stable/lock_files

packages:
- completed:
    hackage: hakyll-4.13.0.1@sha256:0f27d74feaedc96648ec5377ecec2b35dd677516c9667d179462a350f2075628,8817
    pantry-tree:
      size: 7841
      sha256: 4a4409d287ee3daabb0141e3ebd3d2e88ead7382ba5cc582733907b4a938c4a8
  original:
    hackage: hakyll-4.13.0.1
- completed:
    hackage: hakyll-sass-0.2.4@sha256:4d2fbd8b63f5ef15483fc6dda09e10eefd63b4f873ad38dec2a3607eb504a8ba,939
    pantry-tree:
      size: 217
      sha256: c03e74e71d010f009b8d972efc31fbd6dd25183e6d9afbec55f4b7f0d4a74b47
  original:
    hackage: hakyll-sass-0.2.4@sha256:4d2fbd8b63f5ef15483fc6dda09e10eefd63b4f873ad38dec2a3607eb504a8ba
- completed:
    hackage: hlibsass-0.1.9.0@sha256:a506590771134569cf308498bcc62604b81f8a2beb885d11db058fd0d7bcd75d,2564
    pantry-tree:
      size: 10549
      sha256: c47fdf9abd68f9cd23246904948fa2caa8643de746efd03350682d097fc453ab
  original:
    hackage: hlibsass-0.1.9.0
- completed:
    hackage: numerals-0.4.1@sha256:f138b4a0efbde3b3c6cbccb788eff683cb8a5d046f449729712fd174c5ee8a78,11430
    pantry-tree:
      size: 13751
      sha256: c616791b08f1792fd1d4ca03c6d2c773dedb25b24b66454c97864aefd85a5d0a
  original:
    hackage: numerals-0.4.1@sha256:f138b4a0efbde3b3c6cbccb788eff683cb8a5d046f449729712fd174c5ee8a78
- completed:
    hackage: lrucache-1.2.0.1@sha256:18fc3d7052012c7ab3cd395160f34b53c5e1ec5379cc45185baf35b90ffadc2e,1254
    pantry-tree:
      size: 619
      sha256: 61b2a39a11873f2d8a577e1f6b5e848d2f465ea7f6837ce15436796d3a20eda0
  original:
    hackage: lrucache-1.2.0.1@sha256:18fc3d7052012c7ab3cd395160f34b53c5e1ec5379cc45185baf35b90ffadc2e
- completed:
    hackage: pandoc-emphasize-code-0.2.4@sha256:1d5fda15f841b701aefab9504eaa39dd64995d66f65ef806c5e432f758380018,2941
    pantry-tree:
      size: 1507
      sha256: c4a151c17e8ffbfe4c76ac7b84ad8789bd990d7e67efd9d8ce748ab0d05b66b9
  original:
    hackage: pandoc-emphasize-code-0.2.4@sha256:1d5fda15f841b701aefab9504eaa39dd64995d66f65ef806c5e432f758380018,2941
- completed:
    hackage: pandoc-include-code-1.4.0.0@sha256:2ebade499ab9c9605b13c2045291e5d65a205a7565bd160420c1f808ae133b2d,2279
    pantry-tree:
      size: 801
      sha256: 28307eae3213a1bde9ec25482f8135bf536a8e6feb797485876ac0da5456fa66
  original:
    hackage: pandoc-include-code-1.4.0.0@sha256:2ebade499ab9c9605b13c2045291e5d65a205a7565bd160420c1f808ae133b2d,2279
- completed:
    size: 485797
    url: https://github.com/abhin4v/thumbnail-plus/archive/fc10600d3af19ccce7c69416e2ec33143faa4d37.zip
    cabal-file:
      size: 2589
      sha256: 47d7c22b9482e0598b662c79ea612637f0aed3b6714879edc873acb30a504ef2
    name: thumbnail-plus
    version: 1.0.5
    sha256: ab723828693b65da51f90144d893db985ec2b4883483da3dee201715cce2fe27
    pantry-tree:
      size: 704
      sha256: 5facaf4d88fe925381997e339ce0332d022e4f607d505240dd880aa090adccae
  original:
    url: https://github.com/abhin4v/thumbnail-plus/archive/fc10600d3af19ccce7c69416e2ec33143faa4d37.zip
snapshots:
- completed:
    size: 525663
    url: https://raw.githubusercontent.com/commercialhaskell/stackage-snapshots/master/lts/14/14.yaml
    sha256: 6edc48df46eb8bf7b861e98dd30d021a92c2e1820c9bb6528aac5d997b0e14ef
  original: lts-14.14
